
Microsoft Visual Studio Solution File, Format Version 12.00
# Visual Studio Version 17
VisualStudioVersion = 17.3.32929.385
MinimumVisualStudioVersion = 10.0.40219.1
Project("{FAE04EC0-301F-11D3-BF4B-00C04F79EFBC}") = "Biblioteka", "Biblioteka.csproj", "{7B98977E-8875-4813-B78F-2A3694E48A6D}"
EndProject
Global
	GlobalSection(SolutionConfigurationPlatforms) = preSolution
		Debug|Any CPU = Debug|Any CPU
		Release|Any CPU = Release|Any CPU
	EndGlobalSection
	GlobalSection(ProjectConfigurationPlatforms) = postSolution
		{7B98977E-8875-4813-B78F-2A3694E48A6D}.Debug|Any CPU.ActiveCfg = Debug|Any CPU
		{7B98977E-8875-4813-B78F-2A3694E48A6D}.Debug|Any CPU.Build.0 = Debug|Any CPU
		{7B98977E-8875-4813-B78F-2A3694E48A6D}.Release|Any CPU.ActiveCfg = Release|Any CPU
		{7B98977E-8875-4813-B78F-2A3694E48A6D}.Release|Any CPU.Build.0 = Release|Any CPU
	EndGlobalSection
	GlobalSection(SolutionProperties) = preSolution
		HideSolutionNode = FALSE
	EndGlobalSection
	GlobalSection(ExtensibilityGlobals) = postSolution
		SolutionGuid = {96798D7B-ECBD-4EC9-83E3-231AEC760CDB}
	EndGlobalSection
EndGlobal
